Microsoft Visual Studio Solution File, Format Version 12.00
# Visual Studio Version 17
VisualStudioVersion = 17.5.2.0
MinimumVisualStudioVersion = 10.0.40219.1
Project("{FAE04EC0-301F-11D3-BF4B-00C04F79EFBC}") = "help_reports", "help_reports.csproj", "{039589CE-3A40-5F09-BF75-902577725DC8}"
EndProject
Global
	GlobalSection(SolutionConfigurationPlatforms) = preSolution
		Debug|Any CPU = Debug|Any CPU
		Release|Any CPU = Release|Any CPU
	EndGlobalSection
	GlobalSection(ProjectConfigurationPlatforms) = postSolution
		{039589CE-3A40-5F09-BF75-902577725DC8}.Debug|Any CPU.ActiveCfg = Debug|Any CPU
		{039589CE-3A40-5F09-BF75-902577725DC8}.Debug|Any CPU.Build.0 = Debug|Any CPU
		{039589CE-3A40-5F09-BF75-902577725DC8}.Release|Any CPU.ActiveCfg = Release|Any CPU
		{039589CE-3A40-5F09-BF75-902577725DC8}.Release|Any CPU.Build.0 = Release|Any CPU
	EndGlobalSection
	GlobalSection(SolutionProperties) = preSolution
		HideSolutionNode = FALSE
	EndGlobalSection
	GlobalSection(ExtensibilityGlobals) = postSolution
		SolutionGuid = {57232B0B-8BE4-4C1D-852F-510F54D99A63}
	EndGlobalSection
EndGlobal
